// !$*UTF8*$!
{
	archiveVersion = 1;
	classes = {
	};
	objectVersion = 56;
	objects = {

/* Begin PBXBuildFile section */
		4D0BF5BE78E6A0F5B2B4B12E /* Pods_ToDo.framework in Frameworks */ = {isa = PBXBuildFile; fileRef = DA9EA5E5BE77D5BDD2B0140D /* Pods_ToDo.framework */; };
		855B33892A8102B800D47DD7 /* AppDelegate.swift in Sources */ = {isa = PBXBuildFile; fileRef = 855B33882A8102B800D47DD7 /* AppDelegate.swift */; };
		855B338B2A8102B800D47DD7 /* SceneDelegate.swift in Sources */ = {isa = PBXBuildFile; fileRef = 855B338A2A8102B800D47DD7 /* SceneDelegate.swift */; };
		855B338D2A8102B800D47DD7 /* ToDoListViewController.swift in Sources */ = {isa = PBXBuildFile; fileRef = 855B338C2A8102B800D47DD7 /* ToDoListViewController.swift */; };
		855B33902A8102B800D47DD7 /* Main.storyboard in Resources */ = {isa = PBXBuildFile; fileRef = 855B338E2A8102B800D47DD7 /* Main.storyboard */; };
		855B33952A8102B900D47DD7 /* Assets.xcassets in Resources */ = {isa = PBXBuildFile; fileRef = 855B33942A8102B900D47DD7 /* Assets.xcassets */; };
		855B33982A8102B900D47DD7 /* LaunchScreen.storyboard in Resources */ = {isa = PBXBuildFile; fileRef = 855B33962A8102B900D47DD7 /* LaunchScreen.storyboard */; };
		855B33A62A83942E00D47DD7 /* CategoryViewControllerTableViewController.swift in Sources */ = {isa = PBXBuildFile; fileRef = 855B33A52A83942E00D47DD7 /* CategoryViewControllerTableViewController.swift */; };
		855B33A92A97167900D47DD7 /* Realm in Frameworks */ = {isa = PBXBuildFile; productRef = 855B33A82A97167900D47DD7 /* Realm */; };
		855B33AB2A97167900D47DD7 /* RealmSwift in Frameworks */ = {isa = PBXBuildFile; productRef = 855B33AA2A97167900D47DD7 /* RealmSwift */; };
		855B33AF2A97584300D47DD7 /* Item.swift in Sources */ = {isa = PBXBuildFile; fileRef = 855B33AE2A97584300D47DD7 /* Item.swift */; };
		855B33B12A97585D00D47DD7 /* Category.swift in Sources */ = {isa = PBXBuildFile; fileRef = 855B33B02A97585D00D47DD7 /* Category.swift */; };
		855B33B32A98B57100D47DD7 /* SwipeTableViewController.swift in Sources */ = {isa = PBXBuildFile; fileRef = 855B33B22A98B57100D47DD7 /* SwipeTableViewController.swift */; };
/* End PBXBuildFile section */

/* Begin PBXFileReference section */
		3E7635FCB781B8D8DC18F984 /* Pods-ToDo.debug.xcconfig */ = {isa = PBXFileReference; includeInIndex = 1; lastKnownFileType = text.xcconfig; name = "Pods-ToDo.debug.xcconfig"; path = "Target Support Files/Pods-ToDo/Pods-ToDo.debug.xcconfig"; sourceTree = "<group>"; };
		855B33852A8102B800D47DD7 /* ToDo.app */ = {isa = PBXFileReference; explicitFileType = wrapper.application; includeInIndex = 0; path = ToDo.app; sourceTree = BUILT_PRODUCTS_DIR; };
		855B33882A8102B800D47DD7 /* AppDelegate.swift */ = {isa = PBXFileReference; lastKnownFileType = sourcecode.swift; path = AppDelegate.swift; sourceTree = "<group>"; };
		855B338A2A8102B800D47DD7 /* SceneDelegate.swift */ = {isa = PBXFileReference; lastKnownFileType = sourcecode.swift; path = SceneDelegate.swift; sourceTree = "<group>"; };
		855B338C2A8102B800D47DD7 /* ToDoListViewController.swift */ = {isa = PBXFileReference; lastKnownFileType = sourcecode.swift; path = ToDoListViewController.swift; sourceTree = "<group>"; };
		855B338F2A8102B800D47DD7 /* Base */ = {isa = PBXFileReference; lastKnownFileType = file.storyboard; name = Base; path = Base.lproj/Main.storyboard; sourceTree = "<group>"; };
		855B33942A8102B900D47DD7 /* Assets.xcassets */ = {isa = PBXFileReference; lastKnownFileType = folder.assetcatalog; path = Assets.xcassets; sourceTree = "<group>"; };
		855B33972A8102B900D47DD7 /* Base */ = {isa = PBXFileReference; lastKnownFileType = file.storyboard; name = Base; path = Base.lproj/LaunchScreen.storyboard; sourceTree = "<group>"; };
		855B33992A8102B900D47DD7 /* Info.plist */ = {isa = PBXFileReference; lastKnownFileType = text.plist.xml; path = Info.plist; sourceTree = "<group>"; };
		855B33A52A83942E00D47DD7 /* CategoryViewControllerTableViewController.swift */ = {isa = PBXFileReference; lastKnownFileType = sourcecode.swift; path = CategoryViewControllerTableViewController.swift; sourceTree = "<group>"; };
		855B33AE2A97584300D47DD7 /* Item.swift */ = {isa = PBXFileReference; lastKnownFileType = sourcecode.swift; path = Item.swift; sourceTree = "<group>"; };
		855B33B02A97585D00D47DD7 /* Category.swift */ = {isa = PBXFileReference; lastKnownFileType = sourcecode.swift; path = Category.swift; sourceTree = "<group>"; };
		855B33B22A98B57100D47DD7 /* SwipeTableViewController.swift */ = {isa = PBXFileReference; lastKnownFileType = sourcecode.swift; path = SwipeTableViewController.swift; sourceTree = "<group>"; };
		D3100DDBF0B2D4A20C1D2345 /* Pods-ToDo.release.xcconfig */ = {isa = PBXFileReference; includeInIndex = 1; lastKnownFileType = text.xcconfig; name = "Pods-ToDo.release.xcconfig"; path = "Target Support Files/Pods-ToDo/Pods-ToDo.release.xcconfig"; sourceTree = "<group>"; };
		DA9EA5E5BE77D5BDD2B0140D /* Pods_ToDo.framework */ = {isa = PBXFileReference; explicitFileType = wrapper.framework; includeInIndex = 0; path = Pods_ToDo.framework; sourceTree = BUILT_PRODUCTS_DIR; };
/* End PBXFileReference section */

/* Begin PBXFrameworksBuildPhase section */
		855B33822A8102B800D47DD7 /* Frameworks */ = {
			isa = PBXFrameworksBuildPhase;
			buildActionMask = 2147483647;
			files = (
				855B33AB2A97167900D47DD7 /* RealmSwift in Frameworks */,
				855B33A92A97167900D47DD7 /* Realm in Frameworks */,
				4D0BF5BE78E6A0F5B2B4B12E /* Pods_ToDo.framework in Frameworks */,
			);
			runOnlyForDeploymentPostprocessing = 0;
		};
/* End PBXFrameworksBuildPhase section */

/* Begin PBXGroup section */
		4C0CCBB0988DCE51AD4E1A03 /* Frameworks */ = {
			isa = PBXGroup;
			children = (
				DA9EA5E5BE77D5BDD2B0140D /* Pods_ToDo.framework */,
			);
			name = Frameworks;
			sourceTree = "<group>";
		};
		855B337C2A8102B800D47DD7 = {
			isa = PBXGroup;
			children = (
				855B33872A8102B800D47DD7 /* ToDo */,
				855B33862A8102B800D47DD7 /* Products */,
				9FEC0EFFE9533877A3EE594E /* Pods */,
				4C0CCBB0988DCE51AD4E1A03 /* Frameworks */,
			);
			sourceTree = "<group>";
		};
		855B33862A8102B800D47DD7 /* Products */ = {
			isa = PBXGroup;
			children = (
				855B33852A8102B800D47DD7 /* ToDo.app */,
			);
			name = Products;
			sourceTree = "<group>";
		};
		855B33872A8102B800D47DD7 /* ToDo */ = {
			isa = PBXGroup;
			children = (
				855B33882A8102B800D47DD7 /* AppDelegate.swift */,
				855B338A2A8102B800D47DD7 /* SceneDelegate.swift */,
				855B33A22A8227C800D47DD7 /* Controllers */,
				855B33A12A8227B400D47DD7 /* Data Model */,
				855B33A32A8227EB00D47DD7 /* View */,
				855B33A42A8227FB00D47DD7 /* Supporting files */,
				855B33992A8102B900D47DD7 /* Info.plist */,
			);
			path = ToDo;
			sourceTree = "<group>";
		};
		855B33A12A8227B400D47DD7 /* Data Model */ = {
			isa = PBXGroup;
			children = (
				855B33B02A97585D00D47DD7 /* Category.swift */,
				855B33AE2A97584300D47DD7 /* Item.swift */,
			);
			path = "Data Model";
			sourceTree = "<group>";
		};
		855B33A22A8227C800D47DD7 /* Controllers */ = {
			isa = PBXGroup;
			children = (
				855B33A52A83942E00D47DD7 /* CategoryViewControllerTableViewController.swift */,
				855B338C2A8102B800D47DD7 /* ToDoListViewController.swift */,
				855B33B22A98B57100D47DD7 /* SwipeTableViewController.swift */,
			);
			path = Controllers;
			sourceTree = "<group>";
		};
		855B33A32A8227EB00D47DD7 /* View */ = {
			isa = PBXGroup;
			children = (
				855B338E2A8102B800D47DD7 /* Main.storyboard */,
			);
			path = View;
			sourceTree = "<group>";
		};
		855B33A42A8227FB00D47DD7 /* Supporting files */ = {
			isa = PBXGroup;
			children = (
				855B33942A8102B900D47DD7 /* Assets.xcassets */,
				855B33962A8102B900D47DD7 /* LaunchScreen.storyboard */,
			);
			path = "Supporting files";
			sourceTree = "<group>";
		};
		9FEC0EFFE9533877A3EE594E /* Pods */ = {
			isa = PBXGroup;
			children = (
				3E7635FCB781B8D8DC18F984 /* Pods-ToDo.debug.xcconfig */,
				D3100DDBF0B2D4A20C1D2345 /* Pods-ToDo.release.xcconfig */,
			);
			path = Pods;
			sourceTree = "<group>";
		};
/* End PBXGroup section */

/* Begin PBXNativeTarget section */
		855B33842A8102B800D47DD7 /* ToDo */ = {
			isa = PBXNativeTarget;
			buildConfigurationList = 855B339C2A8102B900D47DD7 /* Build configuration list for PBXNativeTarget "ToDo" */;
			buildPhases = (
				8E5C9F3860E1D977BC7723E0 /* [CP] Check Pods Manifest.lock */,
				855B33812A8102B800D47DD7 /* Sources */,
				855B33822A8102B800D47DD7 /* Frameworks */,
				855B33832A8102B800D47DD7 /* Resources */,
				F5EDE8998D0831005FE50D88 /* [CP] Embed Pods Frameworks */,
			);
			buildRules = (
			);
			dependencies = (
			);
			name = ToDo;
			packageProductDependencies = (
				855B33A82A97167900D47DD7 /* Realm */,
				855B33AA2A97167900D47DD7 /* RealmSwift */,
			);
			productName = ToDo;
			productReference = 855B33852A8102B800D47DD7 /* ToDo.app */;
			productType = "com.apple.product-type.application";
		};
/* End PBXNativeTarget section */

/* Begin PBXProject section */
		855B337D2A8102B800D47DD7 /* Project object */ = {
			isa = PBXProject;
			attributes = {
				BuildIndependentTargetsInParallel = 1;
				LastSwiftUpdateCheck = 1430;
				LastUpgradeCheck = 1430;
				TargetAttributes = {
					855B33842A8102B800D47DD7 = {
						CreatedOnToolsVersion = 14.3.1;
					};
				};
			};
			buildConfigurationList = 855B33802A8102B800D47DD7 /* Build configuration list for PBXProject "ToDo" */;
			compatibilityVersion = "Xcode 14.0";
			developmentRegion = en;
			hasScannedForEncodings = 0;
			knownRegions = (
				en,
				Base,
			);
			mainGroup = 855B337C2A8102B800D47DD7;
			packageReferences = (
				855B33A72A97167900D47DD7 /* XCRemoteSwiftPackageReference "realm-swift" */,
			);
			productRefGroup = 855B33862A8102B800D47DD7 /* Products */;
			projectDirPath = "";
			projectRoot = "";
			targets = (
				855B33842A8102B800D47DD7 /* ToDo */,
			);
		};
/* End PBXProject section */

/* Begin PBXResourcesBuildPhase section */
		855B33832A8102B800D47DD7 /* Resources */ = {
			isa = PBXResourcesBuildPhase;
			buildActionMask = 2147483647;
			files = (
				855B33982A8102B900D47DD7 /* LaunchScreen.storyboard in Resources */,
				855B33952A8102B900D47DD7 /* Assets.xcassets in Resources */,
				855B33902A8102B800D47DD7 /* Main.storyboard in Resources */,
			);
			runOnlyForDeploymentPostprocessing = 0;
		};
/* End PBXResourcesBuildPhase section */

/* Begin PBXShellScriptBuildPhase section */
		8E5C9F3860E1D977BC7723E0 /* [CP] Check Pods Manifest.lock */ = {
			isa = PBXShellScriptBuildPhase;
			buildActionMask = 2147483647;
			files = (
			);
			inputFileListPaths = (
			);
			inputPaths = (
				"${PODS_PODFILE_DIR_PATH}/Podfile.lock",
				"${PODS_ROOT}/Manifest.lock",
			);
			name = "[CP] Check Pods Manifest.lock";
			outputFileListPaths = (
			);
			outputPaths = (
				"$(DERIVED_FILE_DIR)/Pods-ToDo-checkManifestLockResult.txt",
			);
			runOnlyForDeploymentPostprocessing = 0;
			shellPath = /bin/sh;
			shellScript = "diff \"${PODS_PODFILE_DIR_PATH}/Podfile.lock\" \"${PODS_ROOT}/Manifest.lock\" > /dev/null\nif [ $? != 0 ] ; then\n    # print error to STDERR\n    echo \"error: The sandbox is not in sync with the Podfile.lock. Run 'pod install' or update your CocoaPods installation.\" >&2\n    exit 1\nfi\n# This output is used by Xcode 'outputs' to avoid re-running this script phase.\necho \"SUCCESS\" > \"${SCRIPT_OUTPUT_FILE_0}\"\n";
			showEnvVarsInLog = 0;
		};
		F5EDE8998D0831005FE50D88 /* [CP] Embed Pods Frameworks */ = {
			isa = PBXShellScriptBuildPhase;
			buildActionMask = 2147483647;
			files = (
			);
			inputFileListPaths = (
				"${PODS_ROOT}/Target Support Files/Pods-ToDo/Pods-ToDo-frameworks-${CONFIGURATION}-input-files.xcfilelist",
			);
			name = "[CP] Embed Pods Frameworks";
			outputFileListPaths = (
				"${PODS_ROOT}/Target Support Files/Pods-ToDo/Pods-ToDo-frameworks-${CONFIGURATION}-output-files.xcfilelist",
			);
			runOnlyForDeploymentPostprocessing = 0;
			shellPath = /bin/sh;
			shellScript = "\"${PODS_ROOT}/Target Support Files/Pods-ToDo/Pods-ToDo-frameworks.sh\"\n";
			showEnvVarsInLog = 0;
		};
/* End PBXShellScriptBuildPhase section */

/* Begin PBXSourcesBuildPhase section */
		855B33812A8102B800D47DD7 /* Sources */ = {
			isa = PBXSourcesBuildPhase;
			buildActionMask = 2147483647;
			files = (
				855B33A62A83942E00D47DD7 /* CategoryViewControllerTableViewController.swift in Sources */,
				855B338D2A8102B800D47DD7 /* ToDoListViewController.swift in Sources */,
				855B33892A8102B800D47DD7 /* AppDelegate.swift in Sources */,
				855B33B32A98B57100D47DD7 /* SwipeTableViewController.swift in Sources */,
				855B338B2A8102B800D47DD7 /* SceneDelegate.swift in Sources */,
				855B33AF2A97584300D47DD7 /* Item.swift in Sources */,
				855B33B12A97585D00D47DD7 /* Category.swift in Sources */,
			);
			runOnlyForDeploymentPostprocessing = 0;
		};
/* End PBXSourcesBuildPhase section */

/* Begin PBXVariantGroup section */
		855B338E2A8102B800D47DD7 /* Main.storyboard */ = {
			isa = PBXVariantGroup;
			children = (
				855B338F2A8102B800D47DD7 /* Base */,
			);
			name = Main.storyboard;
			sourceTree = "<group>";
		};
		855B33962A8102B900D47DD7 /* LaunchScreen.storyboard */ = {
			isa = PBXVariantGroup;
			children = (
				855B33972A8102B900D47DD7 /* Base */,
			);
			name = LaunchScreen.storyboard;
			sourceTree = "<group>";
		};
/* End PBXVariantGroup section */

/* Begin XCBuildConfiguration section */
		855B339A2A8102B900D47DD7 /* Debug */ = {
			isa = XCBuildConfiguration;
			buildSettings = {
				ALWAYS_SEARCH_USER_PATHS = NO;
				CLANG_ANALYZER_NONNULL = YES;
				CLANG_ANALYZER_NUMBER_OBJECT_CONVERSION = YES_AGGRESSIVE;
				CLANG_CXX_LANGUAGE_STANDARD = "gnu++20";
				CLANG_ENABLE_MODULES = YES;
				CLANG_ENABLE_OBJC_ARC = YES;
				CLANG_ENABLE_OBJC_WEAK = YES;
				CLANG_WARN_BLOCK_CAPTURE_AUTORELEASING = YES;
				CLANG_WARN_BOOL_CONVERSION = YES;
				CLANG_WARN_COMMA = YES;
				CLANG_WARN_CONSTANT_CONVERSION = YES;
				CLANG_WARN_DEPRECATED_OBJC_IMPLEMENTATIONS = YES;
				CLANG_WARN_DIRECT_OBJC_ISA_USAGE = YES_ERROR;
				CLANG_WARN_DOCUMENTATION_COMMENTS = YES;
				CLANG_WARN_EMPTY_BODY = YES;
				CLANG_WARN_ENUM_CONVERSION = YES;
				CLANG_WARN_INFINITE_RECURSION = YES;
				CLANG_WARN_INT_CONVERSION = YES;
				CLANG_WARN_NON_LITERAL_NULL_CONVERSION = YES;
				CLANG_WARN_OBJC_IMPLICIT_RETAIN_SELF = YES;
				CLANG_WARN_OBJC_LITERAL_CONVERSION = YES;
				CLANG_WARN_OBJC_ROOT_CLASS = YES_ERROR;
				CLANG_WARN_QUOTED_INCLUDE_IN_FRAMEWORK_HEADER = YES;
				CLANG_WARN_RANGE_LOOP_ANALYSIS = YES;
				CLANG_WARN_STRICT_PROTOTYPES = YES;
				CLANG_WARN_SUSPICIOUS_MOVE = YES;
				CLANG_WARN_UNGUARDED_AVAILABILITY = YES_AGGRESSIVE;
				CLANG_WARN_UNREACHABLE_CODE = YES;
				CLANG_WARN__DUPLICATE_METHOD_MATCH = YES;
				COPY_PHASE_STRIP = NO;
				DEBUG_INFORMATION_FORMAT = dwarf;
				ENABLE_STRICT_OBJC_MSGSEND = YES;
				ENABLE_TESTABILITY = YES;
				GCC_C_LANGUAGE_STANDARD = gnu11;
				GCC_DYNAMIC_NO_PIC = NO;
				GCC_NO_COMMON_BLOCKS = YES;
				GCC_OPTIMIZATION_LEVEL = 0;
				GCC_PREPROCESSOR_DEFINITIONS = (
					"DEBUG=1",
					"$(inherited)",
				);
				GCC_WARN_64_TO_32_BIT_CONVERSION = YES;
				GCC_WARN_ABOUT_RETURN_TYPE = YES_ERROR;
				GCC_WARN_UNDECLARED_SELECTOR = YES;
				GCC_WARN_UNINITIALIZED_AUTOS = YES_AGGRESSIVE;
				GCC_WARN_UNUSED_FUNCTION = YES;
				GCC_WARN_UNUSED_VARIABLE = YES;
				IPHONEOS_DEPLOYMENT_TARGET = 16.4;
				MTL_ENABLE_DEBUG_INFO = INCLUDE_SOURCE;
				MTL_FAST_MATH = YES;
				ONLY_ACTIVE_ARCH = YES;
				SDKROOT = iphoneos;
				SWIFT_ACTIVE_COMPILATION_CONDITIONS = DEBUG;
				SWIFT_OPTIMIZATION_LEVEL = "-Onone";
			};
			name = Debug;
		};
		855B339B2A8102B900D47DD7 /* Release */ = {
			isa = XCBuildConfiguration;
			buildSettings = {
				ALWAYS_SEARCH_USER_PATHS = NO;
				CLANG_ANALYZER_NONNULL = YES;
				CLANG_ANALYZER_NUMBER_OBJECT_CONVERSION = YES_AGGRESSIVE;
				CLANG_CXX_LANGUAGE_STANDARD = "gnu++20";
				CLANG_ENABLE_MODULES = YES;
				CLANG_ENABLE_OBJC_ARC = YES;
				CLANG_ENABLE_OBJC_WEAK = YES;
				CLANG_WARN_BLOCK_CAPTURE_AUTORELEASING = YES;
				CLANG_WARN_BOOL_CONVERSION = YES;
				CLANG_WARN_COMMA = YES;
				CLANG_WARN_CONSTANT_CONVERSION = YES;
				CLANG_WARN_DEPRECATED_OBJC_IMPLEMENTATIONS = YES;
				CLANG_WARN_DIRECT_OBJC_ISA_USAGE = YES_ERROR;
				CLANG_WARN_DOCUMENTATION_COMMENTS = YES;
				CLANG_WARN_EMPTY_BODY = YES;
				CLANG_WARN_ENUM_CONVERSION = YES;
				CLANG_WARN_INFINITE_RECURSION = YES;
				CLANG_WARN_INT_CONVERSION = YES;
				CLANG_WARN_NON_LITERAL_NULL_CONVERSION = YES;
				CLANG_WARN_OBJC_IMPLICIT_RETAIN_SELF = YES;
				CLANG_WARN_OBJC_LITERAL_CONVERSION = YES;
				CLANG_WARN_OBJC_ROOT_CLASS = YES_ERROR;
				CLANG_WARN_QUOTED_INCLUDE_IN_FRAMEWORK_HEADER = YES;
				CLANG_WARN_RANGE_LOOP_ANALYSIS = YES;
				CLANG_WARN_STRICT_PROTOTYPES = YES;
				CLANG_WARN_SUSPICIOUS_MOVE = YES;
				CLANG_WARN_UNGUARDED_AVAILABILITY = YES_AGGRESSIVE;
				CLANG_WARN_UNREACHABLE_CODE = YES;
				CLANG_WARN__DUPLICATE_METHOD_MATCH = YES;
				COPY_PHASE_STRIP = NO;
				DEBUG_INFORMATION_FORMAT = "dwarf-with-dsym";
				ENABLE_NS_ASSERTIONS = NO;
				ENABLE_STRICT_OBJC_MSGSEND = YES;
				GCC_C_LANGUAGE_STANDARD = gnu11;
				GCC_NO_COMMON_BLOCKS = YES;
				GCC_WARN_64_TO_32_BIT_CONVERSION = YES;
				GCC_WARN_ABOUT_RETURN_TYPE = YES_ERROR;
				GCC_WARN_UNDECLARED_SELECTOR = YES;
				GCC_WARN_UNINITIALIZED_AUTOS = YES_AGGRESSIVE;
				GCC_WARN_UNUSED_FUNCTION = YES;
				GCC_WARN_UNUSED_VARIABLE = YES;
				IPHONEOS_DEPLOYMENT_TARGET = 16.4;
				MTL_ENABLE_DEBUG_INFO = NO;
				MTL_FAST_MATH = YES;
				SDKROOT = iphoneos;
				SWIFT_COMPILATION_MODE = wholemodule;
				SWIFT_OPTIMIZATION_LEVEL = "-O";
				VALIDATE_PRODUCT = YES;
			};
			name = Release;
		};
		855B339D2A8102B900D47DD7 /* Debug */ = {
			isa = XCBuildConfiguration;
			baseConfigurationReference = 3E7635FCB781B8D8DC18F984 /* Pods-ToDo.debug.xcconfig */;
			buildSettings = {
				ASSETCATALOG_COMPILER_APPICON_NAME = AppIcon;
				ASSETCATALOG_COMPILER_GLOBAL_ACCENT_COLOR_NAME = AccentColor;
				CODE_SIGN_STYLE = Automatic;
				CURRENT_PROJECT_VERSION = 1;
				DEVELOPMENT_TEAM = FNSKX4LB58;
				GENERATE_INFOPLIST_FILE = YES;
				INFOPLIST_FILE = ToDo/Info.plist;
				INFOPLIST_KEY_UIApplicationSupportsIndirectInputEvents = YES;
				INFOPLIST_KEY_UILaunchStoryboardName = LaunchScreen;
				INFOPLIST_KEY_UIMainStoryboardFile = Main;
				INFOPLIST_KEY_UISupportedInterfaceOrientations_iPad = "UIInterfaceOrientationPortrait UIInterfaceOrientationPortraitUpsideDown UIInterfaceOrientationLandscapeLeft UIInterfaceOrientationLandscapeRight";
				INFOPLIST_KEY_UISupportedInterfaceOrientations_iPhone = "UIInterfaceOrientationPortrait UIInterfaceOrientationLandscapeLeft UIInterfaceOrientationLandscapeRight";
				LD_RUNPATH_SEARCH_PATHS = (
					"$(inherited)",
					"@executable_path/Frameworks",
				);
				MARKETING_VERSION = 1.0;
				PRODUCT_BUNDLE_IDENTIFIER = amritanshudash.ToDo;
				PRODUCT_NAME = "$(TARGET_NAME)";
				SWIFT_EMIT_LOC_STRINGS = YES;
				SWIFT_VERSION = 5.0;
				TARGETED_DEVICE_FAMILY = "1,2";
			};
			name = Debug;
		};
		855B339E2A8102B900D47DD7 /* Release */ = {
			isa = XCBuildConfiguration;
			baseConfigurationReference = D3100DDBF0B2D4A20C1D2345 /* Pods-ToDo.release.xcconfig */;
			buildSettings = {
				ASSETCATALOG_COMPILER_APPICON_NAME = AppIcon;
				ASSETCATALOG_COMPILER_GLOBAL_ACCENT_COLOR_NAME = AccentColor;
				CODE_SIGN_STYLE = Automatic;
				CURRENT_PROJECT_VERSION = 1;
				DEVELOPMENT_TEAM = FNSKX4LB58;
				GENERATE_INFOPLIST_FILE = YES;
				INFOPLIST_FILE = ToDo/Info.plist;
				INFOPLIST_KEY_UIApplicationSupportsIndirectInputEvents = YES;
				INFOPLIST_KEY_UILaunchStoryboardName = LaunchScreen;
				INFOPLIST_KEY_UIMainStoryboardFile = Main;
				INFOPLIST_KEY_UISupportedInterfaceOrientations_iPad = "UIInterfaceOrientationPortrait UIInterfaceOrientationPortraitUpsideDown UIInterfaceOrientationLandscapeLeft UIInterfaceOrientationLandscapeRight";
				INFOPLIST_KEY_UISupportedInterfaceOrientations_iPhone = "UIInterfaceOrientationPortrait UIInterfaceOrientationLandscapeLeft UIInterfaceOrientationLandscapeRight";
				LD_RUNPATH_SEARCH_PATHS = (
					"$(inherited)",
					"@executable_path/Frameworks",
				);
				MARKETING_VERSION = 1.0;
				PRODUCT_BUNDLE_IDENTIFIER = amritanshudash.ToDo;
				PRODUCT_NAME = "$(TARGET_NAME)";
				SWIFT_EMIT_LOC_STRINGS = YES;
				SWIFT_VERSION = 5.0;
				TARGETED_DEVICE_FAMILY = "1,2";
			};
			name = Release;
		};
/* End XCBuildConfiguration section */

/* Begin XCConfigurationList section */
		855B33802A8102B800D47DD7 /* Build configuration list for PBXProject "ToDo" */ = {
			isa = XCConfigurationList;
			buildConfigurations = (
				855B339A2A8102B900D47DD7 /* Debug */,
				855B339B2A8102B900D47DD7 /* Release */,
			);
			defaultConfigurationIsVisible = 0;
			defaultConfigurationName = Release;
		};
		855B339C2A8102B900D47DD7 /* Build configuration list for PBXNativeTarget "ToDo" */ = {
			isa = XCConfigurationList;
			buildConfigurations = (
				855B339D2A8102B900D47DD7 /* Debug */,
				855B339E2A8102B900D47DD7 /* Release */,
			);
			defaultConfigurationIsVisible = 0;
			defaultConfigurationName = Release;
		};
/* End XCConfigurationList section */

/* Begin XCRemoteSwiftPackageReference section */
		855B33A72A97167900D47DD7 /* XCRemoteSwiftPackageReference "realm-swift" */ = {
			isa = XCRemoteSwiftPackageReference;
			repositoryURL = "https://github.com/realm/realm-swift.git";
			requirement = {
				kind = upToNextMajorVersion;
				minimumVersion = 10.42.0;
			};
		};
/* End XCRemoteSwiftPackageReference section */

/* Begin XCSwiftPackageProductDependency section */
		855B33A82A97167900D47DD7 /* Realm */ = {
			isa = XCSwiftPackageProductDependency;
			package = 855B33A72A97167900D47DD7 /* XCRemoteSwiftPackageReference "realm-swift" */;
			productName = Realm;
		};
		855B33AA2A97167900D47DD7 /* RealmSwift */ = {
			isa = XCSwiftPackageProductDependency;
			package = 855B33A72A97167900D47DD7 /* XCRemoteSwiftPackageReference "realm-swift" */;
			productName = RealmSwift;
		};
/* End XCSwiftPackageProductDependency section */
	};
	rootObject = 855B337D2A8102B800D47DD7 /* Project object */;
}
